
Microsoft Visual Studio Solution File, Format Version 12.00
# Visual Studio Version 16
VisualStudioVersion = 16.0.31515.178
MinimumVisualStudioVersion = 10.0.40219.1
Project("{FAE04EC0-301F-11D3-BF4B-00C04F79EFBC}") = "Rocky", "Rocky\Rocky.csproj", "{12F6B1B1-F965-4627-9DD4-B633BA83BA21}"
EndProject
Global
	GlobalSection(SolutionConfigurationPlatforms) = preSolution
		Debug|Any CPU = Debug|Any CPU
		Release|Any CPU = Release|Any CPU
	EndGlobalSection
	GlobalSection(ProjectConfigurationPlatforms) = postSolution
		{12F6B1B1-F965-4627-9DD4-B633BA83BA21}.Debug|Any CPU.ActiveCfg = Debug|Any CPU
		{12F6B1B1-F965-4627-9DD4-B633BA83BA21}.Debug|Any CPU.Build.0 = Debug|Any CPU
		{12F6B1B1-F965-4627-9DD4-B633BA83BA21}.Release|Any CPU.ActiveCfg = Release|Any CPU
		{12F6B1B1-F965-4627-9DD4-B633BA83BA21}.Release|Any CPU.Build.0 = Release|Any CPU
	EndGlobalSection
	GlobalSection(SolutionProperties) = preSolution
		HideSolutionNode = FALSE
	EndGlobalSection
	GlobalSection(ExtensibilityGlobals) = postSolution
		SolutionGuid = {39ECD3AF-B1AE-42D9-9D4A-0D5C9CAB210A}
	EndGlobalSection
EndGlobal
